
Microsoft Visual Studio Solution File, Format Version 12.00
# Visual Studio Version 17
VisualStudioVersion = 17.8.34330.188
MinimumVisualStudioVersion = 10.0.40219.1
Project("{FAE04EC0-301F-11D3-BF4B-00C04F79EFBC}") = "StockManagment", "StockManagment\StockManagment.csproj", "{D800E9FA-78D9-450D-A0BC-4837AB1734D1}"
EndProject
Global
	GlobalSection(SolutionConfigurationPlatforms) = preSolution
		Debug|Any CPU = Debug|Any CPU
		Release|Any CPU = Release|Any CPU
	EndGlobalSection
	GlobalSection(ProjectConfigurationPlatforms) = postSolution
		{D800E9FA-78D9-450D-A0BC-4837AB1734D1}.Debug|Any CPU.ActiveCfg = Debug|Any CPU
		{D800E9FA-78D9-450D-A0BC-4837AB1734D1}.Debug|Any CPU.Build.0 = Debug|Any CPU
		{D800E9FA-78D9-450D-A0BC-4837AB1734D1}.Release|Any CPU.ActiveCfg = Release|Any CPU
		{D800E9FA-78D9-450D-A0BC-4837AB1734D1}.Release|Any CPU.Build.0 = Release|Any CPU
	EndGlobalSection
	GlobalSection(SolutionProperties) = preSolution
		HideSolutionNode = FALSE
	EndGlobalSection
	GlobalSection(ExtensibilityGlobals) = postSolution
		SolutionGuid = {2BBC2237-DC6B-425F-A415-1C4EF9EFC189}
	EndGlobalSection
EndGlobal
